
Microsoft Visual Studio Solution File, Format Version 12.00
# Visual Studio Version 17
VisualStudioVersion = 17.6.33712.159
MinimumVisualStudioVersion = 10.0.40219.1
Project("{F184B08F-C81C-45F6-A57F-5ABD9991F28F}") = "inoUnitReihe", "inoUnitReihe\inoUnitReihe.vbproj", "{B635E1AF-EC04-4AE6-90AC-17D7EA451753}"
EndProject
Global
	GlobalSection(SolutionConfigurationPlatforms) = preSolution
		Debug|Any CPU = Debug|Any CPU
		Release|Any CPU = Release|Any CPU
	EndGlobalSection
	GlobalSection(ProjectConfigurationPlatforms) = postSolution
		{B635E1AF-EC04-4AE6-90AC-17D7EA451753}.Debug|Any CPU.ActiveCfg = Debug|Any CPU
		{B635E1AF-EC04-4AE6-90AC-17D7EA451753}.Debug|Any CPU.Build.0 = Debug|Any CPU
		{B635E1AF-EC04-4AE6-90AC-17D7EA451753}.Release|Any CPU.ActiveCfg = Release|Any CPU
		{B635E1AF-EC04-4AE6-90AC-17D7EA451753}.Release|Any CPU.Build.0 = Release|Any CPU
	EndGlobalSection
	GlobalSection(SolutionProperties) = preSolution
		HideSolutionNode = FALSE
	EndGlobalSection
	GlobalSection(ExtensibilityGlobals) = postSolution
		SolutionGuid = {A9DBFDBB-6C0F-4333-AEA7-9FD924D337E1}
	EndGlobalSection
EndGlobal
